
Microsoft Visual Studio Solution File, Format Version 12.00
# Visual Studio Version 17
VisualStudioVersion = 17.4.33103.184
MinimumVisualStudioVersion = 10.0.40219.1
Project("{9A19103F-16F7-4668-BE54-9A1E7A4F7556}") = "Day1", "Day1\Day1.csproj", "{4039C254-07BC-4E2B-8955-768748E67717}"
EndProject
Project("{9A19103F-16F7-4668-BE54-9A1E7A4F7556}") = "Day2", "Day2\Day2.csproj", "{58BE866B-CE33-4D21-AEF1-A651CDB80D44}"
EndProject
Project("{9A19103F-16F7-4668-BE54-9A1E7A4F7556}") = "Day3", "Day3\Day3.csproj", "{344306CF-CBCA-459B-AAA9-F1932DB37398}"
EndProject
Project("{9A19103F-16F7-4668-BE54-9A1E7A4F7556}") = "Day4", "Day4\Day4.csproj", "{D3B8B624-809F-4D71-AC9C-2528D1C1E27F}"
EndProject
Project("{9A19103F-16F7-4668-BE54-9A1E7A4F7556}") = "Day5", "Day5\Day5.csproj", "{67FEBB42-2166-4B41-A45C-9630734F6A4E}"
EndProject
Project("{9A19103F-16F7-4668-BE54-9A1E7A4F7556}") = "Day6", "Day6\Day6.csproj", "{344A7857-4971-47F6-B4AA-09DF664B1419}"
EndProject
Project("{9A19103F-16F7-4668-BE54-9A1E7A4F7556}") = "Day7", "Day7\Day7.csproj", "{6AE636DD-456E-4141-B5E0-BAEF0404D763}"
EndProject
Project("{9A19103F-16F7-4668-BE54-9A1E7A4F7556}") = "Day8", "Day8\Day8.csproj", "{347F7850-764D-4143-A05C-4BFD187FE5EA}"
EndProject
Project("{FAE04EC0-301F-11D3-BF4B-00C04F79EFBC}") = "Day9", "Day 9\Day9.csproj", "{2FCEA6DC-907A-4649-82FE-8D3339D44C4D}"
EndProject
Global
	GlobalSection(SolutionConfigurationPlatforms) = preSolution
		Debug|Any CPU = Debug|Any CPU
		Release|Any CPU = Release|Any CPU
	EndGlobalSection
	GlobalSection(ProjectConfigurationPlatforms) = postSolution
		{4039C254-07BC-4E2B-8955-768748E67717}.Debug|Any CPU.ActiveCfg = Debug|Any CPU
		{4039C254-07BC-4E2B-8955-768748E67717}.Debug|Any CPU.Build.0 = Debug|Any CPU
		{4039C254-07BC-4E2B-8955-768748E67717}.Release|Any CPU.ActiveCfg = Release|Any CPU
		{4039C254-07BC-4E2B-8955-768748E67717}.Release|Any CPU.Build.0 = Release|Any CPU
		{58BE866B-CE33-4D21-AEF1-A651CDB80D44}.Debug|Any CPU.ActiveCfg = Debug|Any CPU
		{58BE866B-CE33-4D21-AEF1-A651CDB80D44}.Debug|Any CPU.Build.0 = Debug|Any CPU
		{58BE866B-CE33-4D21-AEF1-A651CDB80D44}.Release|Any CPU.ActiveCfg = Release|Any CPU
		{58BE866B-CE33-4D21-AEF1-A651CDB80D44}.Release|Any CPU.Build.0 = Release|Any CPU
		{344306CF-CBCA-459B-AAA9-F1932DB37398}.Debug|Any CPU.ActiveCfg = Debug|Any CPU
		{344306CF-CBCA-459B-AAA9-F1932DB37398}.Debug|Any CPU.Build.0 = Debug|Any CPU
		{344306CF-CBCA-459B-AAA9-F1932DB37398}.Release|Any CPU.ActiveCfg = Release|Any CPU
		{344306CF-CBCA-459B-AAA9-F1932DB37398}.Release|Any CPU.Build.0 = Release|Any CPU
		{D3B8B624-809F-4D71-AC9C-2528D1C1E27F}.Debug|Any CPU.ActiveCfg = Debug|Any CPU
		{D3B8B624-809F-4D71-AC9C-2528D1C1E27F}.Debug|Any CPU.Build.0 = Debug|Any CPU
		{D3B8B624-809F-4D71-AC9C-2528D1C1E27F}.Release|Any CPU.ActiveCfg = Release|Any CPU
		{D3B8B624-809F-4D71-AC9C-2528D1C1E27F}.Release|Any CPU.Build.0 = Release|Any CPU
		{67FEBB42-2166-4B41-A45C-9630734F6A4E}.Debug|Any CPU.ActiveCfg = Debug|Any CPU
		{67FEBB42-2166-4B41-A45C-9630734F6A4E}.Debug|Any CPU.Build.0 = Debug|Any CPU
		{67FEBB42-2166-4B41-A45C-9630734F6A4E}.Release|Any CPU.ActiveCfg = Release|Any CPU
		{67FEBB42-2166-4B41-A45C-9630734F6A4E}.Release|Any CPU.Build.0 = Release|Any CPU
		{344A7857-4971-47F6-B4AA-09DF664B1419}.Debug|Any CPU.ActiveCfg = Debug|Any CPU
		{344A7857-4971-47F6-B4AA-09DF664B1419}.Debug|Any CPU.Build.0 = Debug|Any CPU
		{344A7857-4971-47F6-B4AA-09DF664B1419}.Release|Any CPU.ActiveCfg = Release|Any CPU
		{344A7857-4971-47F6-B4AA-09DF664B1419}.Release|Any CPU.Build.0 = Release|Any CPU
		{6AE636DD-456E-4141-B5E0-BAEF0404D763}.Debug|Any CPU.ActiveCfg = Debug|Any CPU
		{6AE636DD-456E-4141-B5E0-BAEF0404D763}.Debug|Any CPU.Build.0 = Debug|Any CPU
		{6AE636DD-456E-4141-B5E0-BAEF0404D763}.Release|Any CPU.ActiveCfg = Release|Any CPU
		{6AE636DD-456E-4141-B5E0-BAEF0404D763}.Release|Any CPU.Build.0 = Release|Any CPU
		{347F7850-764D-4143-A05C-4BFD187FE5EA}.Debug|Any CPU.ActiveCfg = Debug|Any CPU
		{347F7850-764D-4143-A05C-4BFD187FE5EA}.Debug|Any CPU.Build.0 = Debug|Any CPU
		{347F7850-764D-4143-A05C-4BFD187FE5EA}.Release|Any CPU.ActiveCfg = Release|Any CPU
		{347F7850-764D-4143-A05C-4BFD187FE5EA}.Release|Any CPU.Build.0 = Release|Any CPU
		{2FCEA6DC-907A-4649-82FE-8D3339D44C4D}.Debug|Any CPU.ActiveCfg = Debug|Any CPU
		{2FCEA6DC-907A-4649-82FE-8D3339D44C4D}.Debug|Any CPU.Build.0 = Debug|Any CPU
		{2FCEA6DC-907A-4649-82FE-8D3339D44C4D}.Release|Any CPU.ActiveCfg = Release|Any CPU
		{2FCEA6DC-907A-4649-82FE-8D3339D44C4D}.Release|Any CPU.Build.0 = Release|Any CPU
	EndGlobalSection
	GlobalSection(SolutionProperties) = preSolution
		HideSolutionNode = FALSE
	EndGlobalSection
	GlobalSection(ExtensibilityGlobals) = postSolution
		SolutionGuid = {A97DAC91-10BA-4984-8D78-9E4C9F6B40DA}
	EndGlobalSection
EndGlobal
